<?xml version="1.0" encoding="utf-8"?>
<Project ToolsVersion="4.0" xmlns="http://schemas.microsoft.com/developer/msbuild/2003">
  <ItemGroup>
    <ClCompile Include="..\Source\Helpers.cpp" />
    <ClCompile Include="..\Source\main.cpp" />
    <ClCompile Include="..\Source\0.NewProblemTemplate.cpp">
      <Filter>Problems</Filter>
    </ClCompile>
    <ClCompile Include="..\Source\1.TwoSum.cpp">
      <Filter>Problems</Filter>
    </ClCompile>
    <ClCompile Include="..\Source\2.AddTwoNumbers.cpp">
      <Filter>Problems</Filter>
    </ClCompile>
    <ClCompile Include="..\Source\3.LongestStringNoRepeat.cpp">
      <Filter>Problems</Filter>
    </ClCompile>
    <ClCompile Include="..\Source\4.MedianOfTwoSortedArrays.cpp">
      <Filter>Problems</Filter>
    </ClCompile>
    <ClCompile Include="..\Source\5.LongestPalindromicSubstring.cpp">
      <Filter>Problems</Filter>
    </ClCompile>
    <ClCompile Include="..\Source\217.ContainsDuplicate.cpp">
      <Filter>Problems</Filter>
    </ClCompile>
    <ClCompile Include="..\Source\6.ZigzagConversion.cpp">
      <Filter>Problems</Filter>
    </ClCompile>
    <ClCompile Include="..\Source\7.ReverseInteger.cpp">
      <Filter>Problems</Filter>
    </ClCompile>
    <ClCompile Include="..\Source\9.PalindromeNumber.cpp">
      <Filter>Problems</Filter>
    </ClCompile>
    <ClCompile Include="..\Source\12.IntegerToRoman.cpp">
      <Filter>Problems</Filter>
    </ClCompile>
    <ClCompile Include="..\Source\13.RomanToInteger.cpp">
      <Filter>Problems</Filter>
    </ClCompile>
    <ClCompile Include="..\Source\11.ContainerWithMostWater.cpp">
      <Filter>Problems</Filter>
    </ClCompile>
    <ClCompile Include="..\Source\412.FizzBuzz.cpp">
      <Filter>Problems</Filter>
    </ClCompile>
    <ClCompile Include="..\Source\8.StringToInteger.cpp">
      <Filter>Problems</Filter>
    </ClCompile>
    <ClCompile Include="..\Source\35.SearchInsertPosition.cpp">
      <Filter>Problems</Filter>
    </ClCompile>
    <ClCompile Include="..\Source\10.RegularExpressionMatching.cpp">
      <Filter>Problems</Filter>
    </ClCompile>
    <ClCompile Include="..\Source\14.LongestCommonPrefix.cpp">
      <Filter>Problems</Filter>
    </ClCompile>
    <ClCompile Include="..\Source\15.3Sum.cpp">
      <Filter>Problems</Filter>
    </ClCompile>
    <ClCompile Include="..\Source\16.3SumClosest.cpp">
      <Filter>Problems</Filter>
    </ClCompile>
    <ClCompile Include="..\Source\17.LetterCombinationsOfAPhoneNumber.cpp">
      <Filter>Problems</Filter>
    </ClCompile>
    <ClCompile Include="..\Source\18.4Sum.cpp">
      <Filter>Problems</Filter>
    </ClCompile>
    <ClCompile Include="..\Source\19.RemoveNthNodeFromEndOfList.cpp">
      <Filter>Problems</Filter>
    </ClCompile>
    <ClCompile Include="..\Source\20.ValidParentheses.cpp">
      <Filter>Problems</Filter>
    </ClCompile>
    <ClCompile Include="..\Source\21.MergeTwoSortedLists.cpp">
      <Filter>Problems</Filter>
    </ClCompile>
    <ClCompile Include="..\Source\22.GenerateParentheses.cpp">
      <Filter>Problems</Filter>
    </ClCompile>
    <ClCompile Include="..\Source\23.MergeKSortedLists.cpp">
      <Filter>Problems</Filter>
    </ClCompile>
  </ItemGroup>
  <ItemGroup>
    <ClInclude Include="..\Source\Helpers.h" />
    <ClInclude Include="..\Source\Testing.h">
      <Filter>Problems</Filter>
    </ClInclude>
  </ItemGroup>
  <ItemGroup>
    <Filter Include="Problems">
      <UniqueIdentifier>{373c5195-1fd6-43b3-a38c-f7a926f58a6c}</UniqueIdentifier>
    </Filter>
  </ItemGroup>
</Project>